
Microsoft Visual Studio Solution File, Format Version 12.00
# Visual Studio Version 17
VisualStudioVersion = 17.5.33209.295
MinimumVisualStudioVersion = 10.0.40219.1
Project("{FAE04EC0-301F-11D3-BF4B-00C04F79EFBC}") = "CSharpCodeMapper", "CSharpCodeMapper\CSharpCodeMapper.csproj", "{D40AC6F7-DF6E-4F00-A645-2487AED1135E}"
EndProject
Project("{FAE04EC0-301F-11D3-BF4B-00C04F79EFBC}") = "CSharpCodeMapper.UnitTests", "CSharpCodeMapper.UnitTests\CSharpCodeMapper.UnitTests.csproj", "{F360C4B4-AEA0-4581-B92C-01873090B0A3}"
EndProject
Project("{FAE04EC0-301F-11D3-BF4B-00C04F79EFBC}") = "DeclarationCollector", "DeclarationCollector\DeclarationCollector.csproj", "{35CB1C12-3A9D-4E13-9C26-153269200EB2}"
EndProject
Global
	GlobalSection(SolutionConfigurationPlatforms) = preSolution
		Debug|Any CPU = Debug|Any CPU
		Debug|arm64 = Debug|arm64
		Debug|x86 = Debug|x86
		Release|Any CPU = Release|Any CPU
		Release|arm64 = Release|arm64
		Release|x86 = Release|x86
	EndGlobalSection
	GlobalSection(ProjectConfigurationPlatforms) = postSolution
		{D40AC6F7-DF6E-4F00-A645-2487AED1135E}.Debug|Any CPU.ActiveCfg = Debug|Any CPU
		{D40AC6F7-DF6E-4F00-A645-2487AED1135E}.Debug|Any CPU.Build.0 = Debug|Any CPU
		{D40AC6F7-DF6E-4F00-A645-2487AED1135E}.Debug|arm64.ActiveCfg = Debug|arm64
		{D40AC6F7-DF6E-4F00-A645-2487AED1135E}.Debug|arm64.Build.0 = Debug|arm64
		{D40AC6F7-DF6E-4F00-A645-2487AED1135E}.Debug|x86.ActiveCfg = Debug|x86
		{D40AC6F7-DF6E-4F00-A645-2487AED1135E}.Debug|x86.Build.0 = Debug|x86
		{D40AC6F7-DF6E-4F00-A645-2487AED1135E}.Release|Any CPU.ActiveCfg = Release|Any CPU
		{D40AC6F7-DF6E-4F00-A645-2487AED1135E}.Release|Any CPU.Build.0 = Release|Any CPU
		{D40AC6F7-DF6E-4F00-A645-2487AED1135E}.Release|arm64.ActiveCfg = Release|arm64
		{D40AC6F7-DF6E-4F00-A645-2487AED1135E}.Release|arm64.Build.0 = Release|arm64
		{D40AC6F7-DF6E-4F00-A645-2487AED1135E}.Release|x86.ActiveCfg = Release|x86
		{D40AC6F7-DF6E-4F00-A645-2487AED1135E}.Release|x86.Build.0 = Release|x86
		{F360C4B4-AEA0-4581-B92C-01873090B0A3}.Debug|Any CPU.ActiveCfg = Debug|Any CPU
		{F360C4B4-AEA0-4581-B92C-01873090B0A3}.Debug|Any CPU.Build.0 = Debug|Any CPU
		{F360C4B4-AEA0-4581-B92C-01873090B0A3}.Debug|arm64.ActiveCfg = Debug|Any CPU
		{F360C4B4-AEA0-4581-B92C-01873090B0A3}.Debug|arm64.Build.0 = Debug|Any CPU
		{F360C4B4-AEA0-4581-B92C-01873090B0A3}.Debug|x86.ActiveCfg = Debug|Any CPU
		{F360C4B4-AEA0-4581-B92C-01873090B0A3}.Debug|x86.Build.0 = Debug|Any CPU
		{F360C4B4-AEA0-4581-B92C-01873090B0A3}.Release|Any CPU.ActiveCfg = Release|Any CPU
		{F360C4B4-AEA0-4581-B92C-01873090B0A3}.Release|Any CPU.Build.0 = Release|Any CPU
		{F360C4B4-AEA0-4581-B92C-01873090B0A3}.Release|arm64.ActiveCfg = Release|Any CPU
		{F360C4B4-AEA0-4581-B92C-01873090B0A3}.Release|arm64.Build.0 = Release|Any CPU
		{F360C4B4-AEA0-4581-B92C-01873090B0A3}.Release|x86.ActiveCfg = Release|Any CPU
		{F360C4B4-AEA0-4581-B92C-01873090B0A3}.Release|x86.Build.0 = Release|Any CPU
		{35CB1C12-3A9D-4E13-9C26-153269200EB2}.Debug|Any CPU.ActiveCfg = Debug|Any CPU
		{35CB1C12-3A9D-4E13-9C26-153269200EB2}.Debug|Any CPU.Build.0 = Debug|Any CPU
		{35CB1C12-3A9D-4E13-9C26-153269200EB2}.Debug|arm64.ActiveCfg = Debug|Any CPU
		{35CB1C12-3A9D-4E13-9C26-153269200EB2}.Debug|arm64.Build.0 = Debug|Any CPU
		{35CB1C12-3A9D-4E13-9C26-153269200EB2}.Debug|x86.ActiveCfg = Debug|Any CPU
		{35CB1C12-3A9D-4E13-9C26-153269200EB2}.Debug|x86.Build.0 = Debug|Any CPU
		{35CB1C12-3A9D-4E13-9C26-153269200EB2}.Release|Any CPU.ActiveCfg = Release|Any CPU
		{35CB1C12-3A9D-4E13-9C26-153269200EB2}.Release|Any CPU.Build.0 = Release|Any CPU
		{35CB1C12-3A9D-4E13-9C26-153269200EB2}.Release|arm64.ActiveCfg = Release|Any CPU
		{35CB1C12-3A9D-4E13-9C26-153269200EB2}.Release|arm64.Build.0 = Release|Any CPU
		{35CB1C12-3A9D-4E13-9C26-153269200EB2}.Release|x86.ActiveCfg = Release|Any CPU
		{35CB1C12-3A9D-4E13-9C26-153269200EB2}.Release|x86.Build.0 = Release|Any CPU
	EndGlobalSection
	GlobalSection(SolutionProperties) = preSolution
		HideSolutionNode = FALSE
	EndGlobalSection
	GlobalSection(ExtensibilityGlobals) = postSolution
		SolutionGuid = {3678D626-BC1B-4837-B0FC-A4A4D10A8CBF}
	EndGlobalSection
EndGlobal
